# This file is automatically @generated by Cargo.
# It is not intended for manual editing.
[[package]]
name = "diffus"
version = "0.9.1"
source = "registry+https://github.com/rust-lang/crates.io-index"
checksum = "8d3b0f382a0651ab91518390f16df755c6e2ca11f52a8e06b301fd3f7dfb576c"
dependencies = [
 "itertools",
]

[[package]]
name = "either"
version = "1.6.1"
source = "registry+https://github.com/rust-lang/crates.io-index"
checksum = "e78d4f1cc4ae33bbfc157ed5d5a5ef3bc29227303d595861deb238fcec4e9457"

[[package]]
name = "itertools"
version = "0.8.2"
source = "registry+https://github.com/rust-lang/crates.io-index"
checksum = "f56a2d0bc861f9165be4eb3442afd3c236d8a98afd426f65d92324ae1091a484"
dependencies = [
 "either",
]

[[package]]
name = "riff"
version = "0.1.0"
dependencies = [
 "diffus",
]
